
Microsoft Visual Studio Solution File, Format Version 12.00
# Visual Studio Version 17
VisualStudioVersion = 17.0.31903.59
MinimumVisualStudioVersion = 10.0.40219.1
Project("{FAE04EC0-301F-11D3-BF4B-00C04F79EFBC}") = "TryRecipe.Contracts", "TryRecipe.Contracts\TryRecipe.Contracts.csproj", "{76996DEF-77BA-4443-9BB0-DF4F125477D0}"
EndProject
Project("{FAE04EC0-301F-11D3-BF4B-00C04F79EFBC}") = "TryRecipe", "TryRecipe\TryRecipe.csproj", "{5E1F2B87-8C26-4ECF-A122-F6C2E9DDE65D}"
EndProject
Global
	GlobalSection(SolutionConfigurationPlatforms) = preSolution
		Debug|Any CPU = Debug|Any CPU
		Release|Any CPU = Release|Any CPU
	EndGlobalSection
	GlobalSection(SolutionProperties) = preSolution
		HideSolutionNode = FALSE
	EndGlobalSection
	GlobalSection(ProjectConfigurationPlatforms) = postSolution
		{76996DEF-77BA-4443-9BB0-DF4F125477D0}.Debug|Any CPU.ActiveCfg = Debug|Any CPU
		{76996DEF-77BA-4443-9BB0-DF4F125477D0}.Debug|Any CPU.Build.0 = Debug|Any CPU
		{76996DEF-77BA-4443-9BB0-DF4F125477D0}.Release|Any CPU.ActiveCfg = Release|Any CPU
		{76996DEF-77BA-4443-9BB0-DF4F125477D0}.Release|Any CPU.Build.0 = Release|Any CPU
		{5E1F2B87-8C26-4ECF-A122-F6C2E9DDE65D}.Debug|Any CPU.ActiveCfg = Debug|Any CPU
		{5E1F2B87-8C26-4ECF-A122-F6C2E9DDE65D}.Debug|Any CPU.Build.0 = Debug|Any CPU
		{5E1F2B87-8C26-4ECF-A122-F6C2E9DDE65D}.Release|Any CPU.ActiveCfg = Release|Any CPU
		{5E1F2B87-8C26-4ECF-A122-F6C2E9DDE65D}.Release|Any CPU.Build.0 = Release|Any CPU
	EndGlobalSection
EndGlobal
